
Microsoft Visual Studio Solution File, Format Version 12.00
# Visual Studio 14
VisualStudioVersion = 14.0.24720.0
MinimumVisualStudioVersion = 10.0.40219.1
Project("{FAE04EC0-301F-11D3-BF4B-00C04F79EFBC}") = "TicTacToeGeneticAlhorithm", "TicTacToeGeneticAlhorithm\TicTacToeGeneticAlhorithm.csproj", "{D56CD922-935B-4B67-9F8C-C674A0CA2D56}"
EndProject
Project("{2150E333-8FDC-42A3-9474-1A3956D46DE8}") = "Core", "Core", "{49233551-B65F-45D9-947F-2906522BE7EE}"
EndProject
Project("{FAE04EC0-301F-11D3-BF4B-00C04F79EFBC}") = "Core.TicTacToe", "Core\TicTacToe\Core.TicTacToe\Core.TicTacToe.csproj", "{EDF104B4-AFF5-44FC-8C19-B620326BD4BE}"
EndProject
Project("{FAE04EC0-301F-11D3-BF4B-00C04F79EFBC}") = "Core.TicTacToe.Constants", "Core\TicTacToe\Core.TicTacToe.Constants\Core.TicTacToe.Constants.csproj", "{D901419E-C3CF-4E15-ADD4-10624CA86233}"
EndProject
Project("{2150E333-8FDC-42A3-9474-1A3956D46DE8}") = "TicTacToe", "TicTacToe", "{F6C7726E-BB79-4776-9FC7-E7B7568261BB}"
EndProject
Project("{FAE04EC0-301F-11D3-BF4B-00C04F79EFBC}") = "TicTacToe.MVC", "TicTacToe.MVC\TicTacToe.MVC.csproj", "{70CC47C1-DC26-44E2-AC18-60846671918D}"
EndProject
Project("{2150E333-8FDC-42A3-9474-1A3956D46DE8}") = "Shared", "Shared", "{42D8268E-C8E6-41AE-830A-45AA1B8BEF79}"
EndProject
Project("{FAE04EC0-301F-11D3-BF4B-00C04F79EFBC}") = "Core.TicTacToe.Implementation", "Core\TicTacToe\Core.TicTacToe.Implementation\Core.TicTacToe.Implementation.csproj", "{85A08665-B1AA-4025-9F9C-494EA0C67310}"
EndProject
Project("{FAE04EC0-301F-11D3-BF4B-00C04F79EFBC}") = "Shared.Common", "Shared\Shared.Common\Shared.Common.csproj", "{0233E7DA-9AB6-4490-B72F-E0D784BF4A0E}"
EndProject
Project("{2150E333-8FDC-42A3-9474-1A3956D46DE8}") = "Tests", "Tests", "{27369434-4983-43F8-A70E-AF483389B0CD}"
EndProject
Project("{FAE04EC0-301F-11D3-BF4B-00C04F79EFBC}") = "TicTacToeTests", "Tests\TicTacToeTests\TicTacToeTests.csproj", "{CFA18D46-2A68-4965-9EA7-5ADF78E54040}"
EndProject
Project("{2150E333-8FDC-42A3-9474-1A3956D46DE8}") = "Data", "Data", "{32D0CD35-E1F5-4F0F-8CCE-B395CA964801}"
EndProject
Project("{FAE04EC0-301F-11D3-BF4B-00C04F79EFBC}") = "Data.Model", "Data\Data.Model\Data.Model.csproj", "{F73384BF-1150-4F39-805F-27C8CD0EE283}"
EndProject
Project("{FAE04EC0-301F-11D3-BF4B-00C04F79EFBC}") = "Data.Migration", "Data\Data.Migration\Data.Migration.csproj", "{9D5C9F6B-2B3E-41D6-9D8D-1761FB1471D9}"
EndProject
Global
	GlobalSection(SolutionConfigurationPlatforms) = preSolution
		Debug|Any CPU = Debug|Any CPU
		Release|Any CPU = Release|Any CPU
	EndGlobalSection
	GlobalSection(ProjectConfigurationPlatforms) = postSolution
		{D56CD922-935B-4B67-9F8C-C674A0CA2D56}.Debug|Any CPU.ActiveCfg = Debug|Any CPU
		{D56CD922-935B-4B67-9F8C-C674A0CA2D56}.Debug|Any CPU.Build.0 = Debug|Any CPU
		{D56CD922-935B-4B67-9F8C-C674A0CA2D56}.Release|Any CPU.ActiveCfg = Release|Any CPU
		{D56CD922-935B-4B67-9F8C-C674A0CA2D56}.Release|Any CPU.Build.0 = Release|Any CPU
		{EDF104B4-AFF5-44FC-8C19-B620326BD4BE}.Debug|Any CPU.ActiveCfg = Debug|Any CPU
		{EDF104B4-AFF5-44FC-8C19-B620326BD4BE}.Debug|Any CPU.Build.0 = Debug|Any CPU
		{EDF104B4-AFF5-44FC-8C19-B620326BD4BE}.Release|Any CPU.ActiveCfg = Release|Any CPU
		{EDF104B4-AFF5-44FC-8C19-B620326BD4BE}.Release|Any CPU.Build.0 = Release|Any CPU
		{D901419E-C3CF-4E15-ADD4-10624CA86233}.Debug|Any CPU.ActiveCfg = Debug|Any CPU
		{D901419E-C3CF-4E15-ADD4-10624CA86233}.Debug|Any CPU.Build.0 = Debug|Any CPU
		{D901419E-C3CF-4E15-ADD4-10624CA86233}.Release|Any CPU.ActiveCfg = Release|Any CPU
		{D901419E-C3CF-4E15-ADD4-10624CA86233}.Release|Any CPU.Build.0 = Release|Any CPU
		{70CC47C1-DC26-44E2-AC18-60846671918D}.Debug|Any CPU.ActiveCfg = Debug|Any CPU
		{70CC47C1-DC26-44E2-AC18-60846671918D}.Debug|Any CPU.Build.0 = Debug|Any CPU
		{70CC47C1-DC26-44E2-AC18-60846671918D}.Release|Any CPU.ActiveCfg = Release|Any CPU
		{70CC47C1-DC26-44E2-AC18-60846671918D}.Release|Any CPU.Build.0 = Release|Any CPU
		{85A08665-B1AA-4025-9F9C-494EA0C67310}.Debug|Any CPU.ActiveCfg = Debug|Any CPU
		{85A08665-B1AA-4025-9F9C-494EA0C67310}.Debug|Any CPU.Build.0 = Debug|Any CPU
		{85A08665-B1AA-4025-9F9C-494EA0C67310}.Release|Any CPU.ActiveCfg = Release|Any CPU
		{85A08665-B1AA-4025-9F9C-494EA0C67310}.Release|Any CPU.Build.0 = Release|Any CPU
		{0233E7DA-9AB6-4490-B72F-E0D784BF4A0E}.Debug|Any CPU.ActiveCfg = Debug|Any CPU
		{0233E7DA-9AB6-4490-B72F-E0D784BF4A0E}.Debug|Any CPU.Build.0 = Debug|Any CPU
		{0233E7DA-9AB6-4490-B72F-E0D784BF4A0E}.Release|Any CPU.ActiveCfg = Release|Any CPU
		{0233E7DA-9AB6-4490-B72F-E0D784BF4A0E}.Release|Any CPU.Build.0 = Release|Any CPU
		{CFA18D46-2A68-4965-9EA7-5ADF78E54040}.Debug|Any CPU.ActiveCfg = Debug|Any CPU
		{CFA18D46-2A68-4965-9EA7-5ADF78E54040}.Debug|Any CPU.Build.0 = Debug|Any CPU
		{CFA18D46-2A68-4965-9EA7-5ADF78E54040}.Release|Any CPU.ActiveCfg = Release|Any CPU
		{CFA18D46-2A68-4965-9EA7-5ADF78E54040}.Release|Any CPU.Build.0 = Release|Any CPU
		{F73384BF-1150-4F39-805F-27C8CD0EE283}.Debug|Any CPU.ActiveCfg = Debug|Any CPU
		{F73384BF-1150-4F39-805F-27C8CD0EE283}.Debug|Any CPU.Build.0 = Debug|Any CPU
		{F73384BF-1150-4F39-805F-27C8CD0EE283}.Release|Any CPU.ActiveCfg = Release|Any CPU
		{F73384BF-1150-4F39-805F-27C8CD0EE283}.Release|Any CPU.Build.0 = Release|Any CPU
		{9D5C9F6B-2B3E-41D6-9D8D-1761FB1471D9}.Debug|Any CPU.ActiveCfg = Debug|Any CPU
		{9D5C9F6B-2B3E-41D6-9D8D-1761FB1471D9}.Debug|Any CPU.Build.0 = Debug|Any CPU
		{9D5C9F6B-2B3E-41D6-9D8D-1761FB1471D9}.Release|Any CPU.ActiveCfg = Release|Any CPU
		{9D5C9F6B-2B3E-41D6-9D8D-1761FB1471D9}.Release|Any CPU.Build.0 = Release|Any CPU
	EndGlobalSection
	GlobalSection(SolutionProperties) = preSolution
		HideSolutionNode = FALSE
	EndGlobalSection
	GlobalSection(NestedProjects) = preSolution
		{EDF104B4-AFF5-44FC-8C19-B620326BD4BE} = {F6C7726E-BB79-4776-9FC7-E7B7568261BB}
		{D901419E-C3CF-4E15-ADD4-10624CA86233} = {F6C7726E-BB79-4776-9FC7-E7B7568261BB}
		{F6C7726E-BB79-4776-9FC7-E7B7568261BB} = {49233551-B65F-45D9-947F-2906522BE7EE}
		{85A08665-B1AA-4025-9F9C-494EA0C67310} = {F6C7726E-BB79-4776-9FC7-E7B7568261BB}
		{0233E7DA-9AB6-4490-B72F-E0D784BF4A0E} = {42D8268E-C8E6-41AE-830A-45AA1B8BEF79}
		{CFA18D46-2A68-4965-9EA7-5ADF78E54040} = {27369434-4983-43F8-A70E-AF483389B0CD}
		{F73384BF-1150-4F39-805F-27C8CD0EE283} = {32D0CD35-E1F5-4F0F-8CCE-B395CA964801}
		{9D5C9F6B-2B3E-41D6-9D8D-1761FB1471D9} = {32D0CD35-E1F5-4F0F-8CCE-B395CA964801}
	EndGlobalSection
EndGlobal
